{
  "pins" : [
    {
      "identity" : "aklanguagemanager",
      "kind" : "remoteSourceControl",
      "location" : "https://github.com/AmrKoritem/AKLanguageManager.git",
      "state" : {
        "revision" : "6b88242735142d039f22bee52baa5b6e356665a4",
        "version" : "1.0.0"
      }
    }
  ],
  "version" : 2
}
