{
  "pins" : [
    {
      "identity" : "aklanguagemanager",
      "kind" : "remoteSourceControl",
      "location" : "https://github.com/AmrKoritem/AKLanguageManager.git",
      "state" : {
        "branch" : "main",
        "revision" : "ef3306d4643d1782fcaa38154dc6d65c169688c0"
      }
    }
  ],
  "version" : 2
}
