{
  "pins" : [
    {
      "identity" : "aklanguagemanager",
      "kind" : "remoteSourceControl",
      "location" : "https://github.com/AmrKoritem/AKLanguageManager.git",
      "state" : {
        "revision" : "30c4bcb8895917164003e07e552209966f78d97e",
        "version" : "1.0.2"
      }
    }
  ],
  "version" : 2
}
